
Microsoft Visual Studio Solution File, Format Version 12.00
# Visual Studio Version 17
VisualStudioVersion = 17.7.34031.279
MinimumVisualStudioVersion = 10.0.40219.1
Project("{FAE04EC0-301F-11D3-BF4B-00C04F79EFBC}") = "LogFiltering", "LogFiltering.csproj", "{5AB6620D-AA74-413F-A71C-D66D52A07A70}"
EndProject
Global
	GlobalSection(SolutionConfigurationPlatforms) = preSolution
		Debug|Any CPU = Debug|Any CPU
		Release|Any CPU = Release|Any CPU
	EndGlobalSection
	GlobalSection(ProjectConfigurationPlatforms) = postSolution
		{5AB6620D-AA74-413F-A71C-D66D52A07A70}.Debug|Any CPU.ActiveCfg = Debug|Any CPU
		{5AB6620D-AA74-413F-A71C-D66D52A07A70}.Debug|Any CPU.Build.0 = Debug|Any CPU
		{5AB6620D-AA74-413F-A71C-D66D52A07A70}.Release|Any CPU.ActiveCfg = Release|Any CPU
		{5AB6620D-AA74-413F-A71C-D66D52A07A70}.Release|Any CPU.Build.0 = Release|Any CPU
	EndGlobalSection
	GlobalSection(SolutionProperties) = preSolution
		HideSolutionNode = FALSE
	EndGlobalSection
	GlobalSection(ExtensibilityGlobals) = postSolution
		SolutionGuid = {065948C8-7450-41B6-9905-C28FF6DC528A}
	EndGlobalSection
EndGlobal
